
Microsoft Visual Studio Solution File, Format Version 12.00
# Visual Studio Version 17
VisualStudioVersion = 17.0.32014.148
MinimumVisualStudioVersion = 10.0.40219.1
Project("{FAE04EC0-301F-11D3-BF4B-00C04F79EFBC}") = "Advent Of Code 2022", "Advent Of Code 2022\Advent Of Code 2022.csproj", "{B25AE5FC-2AD6-4E1A-88FB-E31958DC1292}"
EndProject
Global
	GlobalSection(SolutionConfigurationPlatforms) = preSolution
		Debug|Any CPU = Debug|Any CPU
		Release|Any CPU = Release|Any CPU
	EndGlobalSection
	GlobalSection(ProjectConfigurationPlatforms) = postSolution
		{B25AE5FC-2AD6-4E1A-88FB-E31958DC1292}.Debug|Any CPU.ActiveCfg = Debug|Any CPU
		{B25AE5FC-2AD6-4E1A-88FB-E31958DC1292}.Debug|Any CPU.Build.0 = Debug|Any CPU
		{B25AE5FC-2AD6-4E1A-88FB-E31958DC1292}.Release|Any CPU.ActiveCfg = Release|Any CPU
		{B25AE5FC-2AD6-4E1A-88FB-E31958DC1292}.Release|Any CPU.Build.0 = Release|Any CPU
	EndGlobalSection
	GlobalSection(SolutionProperties) = preSolution
		HideSolutionNode = FALSE
	EndGlobalSection
	GlobalSection(ExtensibilityGlobals) = postSolution
		SolutionGuid = {E38CD875-374A-4392-B5F5-3F45ACF49230}
	EndGlobalSection
EndGlobal
